
Microsoft Visual Studio Solution File, Format Version 12.00
# Visual Studio 15
VisualStudioVersion = 15.0.28307.136
MinimumVisualStudioVersion = 10.0.40219.1
Project("{9A19103F-16F7-4668-BE54-9A1E7A4F7556}") = "TesteDotNetCoreMVCLoja", "TesteDotNetCoreMVCLoja\TesteDotNetCoreMVCLoja.csproj", "{7B36D353-A6E4-4D6D-A47D-EE1B4F6683C7}"
EndProject
Project("{9A19103F-16F7-4668-BE54-9A1E7A4F7556}") = "Domain", "Domain\Domain.csproj", "{E72499B7-AB02-440A-BAED-3DB42D1D4365}"
EndProject
Project("{FAE04EC0-301F-11D3-BF4B-00C04F79EFBC}") = "Data", "Data\Data.csproj", "{06619E5E-B259-4004-8177-EB36C517B343}"
EndProject
Project("{FAE04EC0-301F-11D3-BF4B-00C04F79EFBC}") = "DI", "DI\DI.csproj", "{E650ED60-FFFE-4BC5-B5C7-F9E3AE1F95D9}"
EndProject
Global
	GlobalSection(SolutionConfigurationPlatforms) = preSolution
		Debug|Any CPU = Debug|Any CPU
		Release|Any CPU = Release|Any CPU
	EndGlobalSection
	GlobalSection(ProjectConfigurationPlatforms) = postSolution
		{7B36D353-A6E4-4D6D-A47D-EE1B4F6683C7}.Debug|Any CPU.ActiveCfg = Debug|Any CPU
		{7B36D353-A6E4-4D6D-A47D-EE1B4F6683C7}.Debug|Any CPU.Build.0 = Debug|Any CPU
		{7B36D353-A6E4-4D6D-A47D-EE1B4F6683C7}.Release|Any CPU.ActiveCfg = Release|Any CPU
		{7B36D353-A6E4-4D6D-A47D-EE1B4F6683C7}.Release|Any CPU.Build.0 = Release|Any CPU
		{E72499B7-AB02-440A-BAED-3DB42D1D4365}.Debug|Any CPU.ActiveCfg = Debug|Any CPU
		{E72499B7-AB02-440A-BAED-3DB42D1D4365}.Debug|Any CPU.Build.0 = Debug|Any CPU
		{E72499B7-AB02-440A-BAED-3DB42D1D4365}.Release|Any CPU.ActiveCfg = Release|Any CPU
		{E72499B7-AB02-440A-BAED-3DB42D1D4365}.Release|Any CPU.Build.0 = Release|Any CPU
		{06619E5E-B259-4004-8177-EB36C517B343}.Debug|Any CPU.ActiveCfg = Debug|Any CPU
		{06619E5E-B259-4004-8177-EB36C517B343}.Debug|Any CPU.Build.0 = Debug|Any CPU
		{06619E5E-B259-4004-8177-EB36C517B343}.Release|Any CPU.ActiveCfg = Release|Any CPU
		{06619E5E-B259-4004-8177-EB36C517B343}.Release|Any CPU.Build.0 = Release|Any CPU
		{E650ED60-FFFE-4BC5-B5C7-F9E3AE1F95D9}.Debug|Any CPU.ActiveCfg = Debug|Any CPU
		{E650ED60-FFFE-4BC5-B5C7-F9E3AE1F95D9}.Debug|Any CPU.Build.0 = Debug|Any CPU
		{E650ED60-FFFE-4BC5-B5C7-F9E3AE1F95D9}.Release|Any CPU.ActiveCfg = Release|Any CPU
		{E650ED60-FFFE-4BC5-B5C7-F9E3AE1F95D9}.Release|Any CPU.Build.0 = Release|Any CPU
	EndGlobalSection
	GlobalSection(SolutionProperties) = preSolution
		HideSolutionNode = FALSE
	EndGlobalSection
	GlobalSection(ExtensibilityGlobals) = postSolution
		SolutionGuid = {BBB43134-C76F-4F70-A610-CE51EA8B7D97}
	EndGlobalSection
EndGlobal
